
Microsoft Visual Studio Solution File, Format Version 12.00
# Visual Studio Version 17
VisualStudioVersion = 17.4.33110.190
MinimumVisualStudioVersion = 10.0.40219.1
Project("{FAE04EC0-301F-11D3-BF4B-00C04F79EFBC}") = "Refactoring_Uebung", "Refactoring_Uebung\Refactoring_Uebung.csproj", "{BFEB0836-8A55-4DD8-A8C1-C888F435C2EE}"
EndProject
Global
	GlobalSection(SolutionConfigurationPlatforms) = preSolution
		Debug|Any CPU = Debug|Any CPU
		Release|Any CPU = Release|Any CPU
	EndGlobalSection
	GlobalSection(ProjectConfigurationPlatforms) = postSolution
		{BFEB0836-8A55-4DD8-A8C1-C888F435C2EE}.Debug|Any CPU.ActiveCfg = Debug|Any CPU
		{BFEB0836-8A55-4DD8-A8C1-C888F435C2EE}.Debug|Any CPU.Build.0 = Debug|Any CPU
		{BFEB0836-8A55-4DD8-A8C1-C888F435C2EE}.Release|Any CPU.ActiveCfg = Release|Any CPU
		{BFEB0836-8A55-4DD8-A8C1-C888F435C2EE}.Release|Any CPU.Build.0 = Release|Any CPU
	EndGlobalSection
	GlobalSection(SolutionProperties) = preSolution
		HideSolutionNode = FALSE
	EndGlobalSection
	GlobalSection(ExtensibilityGlobals) = postSolution
		SolutionGuid = {B198FDF1-D2BB-4C37-BE25-C7E09039E133}
	EndGlobalSection
EndGlobal
